
Microsoft Visual Studio Solution File, Format Version 12.00
# Visual Studio Version 16
VisualStudioVersion = 16.0.30711.63
MinimumVisualStudioVersion = 10.0.40219.1
Project("{FAE04EC0-301F-11D3-BF4B-00C04F79EFBC}") = "Challenge1_Console", "GoldBadgeChallenges\Challenge1_Console.csproj", "{08E73FF2-7CF5-498B-B93F-C9F1F9E09005}"
EndProject
Project("{FAE04EC0-301F-11D3-BF4B-00C04F79EFBC}") = "Challenge1_Repository", "Challenge1_Repository\Challenge1_Repository.csproj", "{DCEE5B98-078D-460D-BD08-8A5D9D7DFC23}"
EndProject
Project("{FAE04EC0-301F-11D3-BF4B-00C04F79EFBC}") = "Challenge1_UnitTest", "Challenge1_UnitTest\Challenge1_UnitTest.csproj", "{4E86D34C-004D-4C78-8CA8-7AA00D4354B2}"
EndProject
Global
	GlobalSection(SolutionConfigurationPlatforms) = preSolution
		Debug|Any CPU = Debug|Any CPU
		Release|Any CPU = Release|Any CPU
	EndGlobalSection
	GlobalSection(ProjectConfigurationPlatforms) = postSolution
		{08E73FF2-7CF5-498B-B93F-C9F1F9E09005}.Debug|Any CPU.ActiveCfg = Debug|Any CPU
		{08E73FF2-7CF5-498B-B93F-C9F1F9E09005}.Debug|Any CPU.Build.0 = Debug|Any CPU
		{08E73FF2-7CF5-498B-B93F-C9F1F9E09005}.Release|Any CPU.ActiveCfg = Release|Any CPU
		{08E73FF2-7CF5-498B-B93F-C9F1F9E09005}.Release|Any CPU.Build.0 = Release|Any CPU
		{DCEE5B98-078D-460D-BD08-8A5D9D7DFC23}.Debug|Any CPU.ActiveCfg = Debug|Any CPU
		{DCEE5B98-078D-460D-BD08-8A5D9D7DFC23}.Debug|Any CPU.Build.0 = Debug|Any CPU
		{DCEE5B98-078D-460D-BD08-8A5D9D7DFC23}.Release|Any CPU.ActiveCfg = Release|Any CPU
		{DCEE5B98-078D-460D-BD08-8A5D9D7DFC23}.Release|Any CPU.Build.0 = Release|Any CPU
		{4E86D34C-004D-4C78-8CA8-7AA00D4354B2}.Debug|Any CPU.ActiveCfg = Debug|Any CPU
		{4E86D34C-004D-4C78-8CA8-7AA00D4354B2}.Debug|Any CPU.Build.0 = Debug|Any CPU
		{4E86D34C-004D-4C78-8CA8-7AA00D4354B2}.Release|Any CPU.ActiveCfg = Release|Any CPU
		{4E86D34C-004D-4C78-8CA8-7AA00D4354B2}.Release|Any CPU.Build.0 = Release|Any CPU
	EndGlobalSection
	GlobalSection(SolutionProperties) = preSolution
		HideSolutionNode = FALSE
	EndGlobalSection
	GlobalSection(ExtensibilityGlobals) = postSolution
		SolutionGuid = {F33F0A63-6D84-4444-AD11-CEBB86CE77C6}
	EndGlobalSection
EndGlobal
