
Microsoft Visual Studio Solution File, Format Version 12.00
# Visual Studio Version 16
VisualStudioVersion = 16.0.30711.63
MinimumVisualStudioVersion = 10.0.40219.1
Project("{FAE04EC0-301F-11D3-BF4B-00C04F79EFBC}") = "Challenge1_Console", "GoldBadgeChallenges\Challenge1_Console.csproj", "{08E73FF2-7CF5-498B-B93F-C9F1F9E09005}"
EndProject
Project("{FAE04EC0-301F-11D3-BF4B-00C04F79EFBC}") = "Challenge1_Repository", "Challenge1_Repository\Challenge1_Repository.csproj", "{DCEE5B98-078D-460D-BD08-8A5D9D7DFC23}"
EndProject
Project("{FAE04EC0-301F-11D3-BF4B-00C04F79EFBC}") = "Challenge1_UnitTest", "Challenge1_UnitTest\Challenge1_UnitTest.csproj", "{4E86D34C-004D-4C78-8CA8-7AA00D4354B2}"
EndProject
Project("{FAE04EC0-301F-11D3-BF4B-00C04F79EFBC}") = "Challenge2_Console", "Challenge2_Console\Challenge2_Console.csproj", "{ADFF28E9-E31D-40E8-A525-5D467337B899}"
EndProject
Project("{FAE04EC0-301F-11D3-BF4B-00C04F79EFBC}") = "Challenge2_Repository", "Challenge2_Repository\Challenge2_Repository.csproj", "{01523BF7-CF36-44DE-B2E6-90816C222776}"
EndProject
Project("{FAE04EC0-301F-11D3-BF4B-00C04F79EFBC}") = "Challenge2_UnitTest", "Challenge2_UnitTest\Challenge2_UnitTest.csproj", "{C2E4C4A8-CE66-4B44-AA12-B1F16C9D1EE5}"
EndProject
Project("{FAE04EC0-301F-11D3-BF4B-00C04F79EFBC}") = "Challenge3_Console", "Challenge3_Console\Challenge3_Console.csproj", "{E3B4C2AD-7BF0-420A-9F50-8C87E43FBA86}"
EndProject
Project("{FAE04EC0-301F-11D3-BF4B-00C04F79EFBC}") = "Challenge3_Repository", "Challenge3_Repository\Challenge3_Repository.csproj", "{03BFD8A6-6F81-431A-B3C7-0A6583A7B3F9}"
EndProject
Project("{FAE04EC0-301F-11D3-BF4B-00C04F79EFBC}") = "Challenge3_UnitTest", "Challenge3_UnitTest\Challenge3_UnitTest.csproj", "{00F48D2F-2A08-472A-A61E-AFDC637ED1E2}"
EndProject
Global
	GlobalSection(SolutionConfigurationPlatforms) = preSolution
		Debug|Any CPU = Debug|Any CPU
		Release|Any CPU = Release|Any CPU
	EndGlobalSection
	GlobalSection(ProjectConfigurationPlatforms) = postSolution
		{08E73FF2-7CF5-498B-B93F-C9F1F9E09005}.Debug|Any CPU.ActiveCfg = Debug|Any CPU
		{08E73FF2-7CF5-498B-B93F-C9F1F9E09005}.Debug|Any CPU.Build.0 = Debug|Any CPU
		{08E73FF2-7CF5-498B-B93F-C9F1F9E09005}.Release|Any CPU.ActiveCfg = Release|Any CPU
		{08E73FF2-7CF5-498B-B93F-C9F1F9E09005}.Release|Any CPU.Build.0 = Release|Any CPU
		{DCEE5B98-078D-460D-BD08-8A5D9D7DFC23}.Debug|Any CPU.ActiveCfg = Debug|Any CPU
		{DCEE5B98-078D-460D-BD08-8A5D9D7DFC23}.Debug|Any CPU.Build.0 = Debug|Any CPU
		{DCEE5B98-078D-460D-BD08-8A5D9D7DFC23}.Release|Any CPU.ActiveCfg = Release|Any CPU
		{DCEE5B98-078D-460D-BD08-8A5D9D7DFC23}.Release|Any CPU.Build.0 = Release|Any CPU
		{4E86D34C-004D-4C78-8CA8-7AA00D4354B2}.Debug|Any CPU.ActiveCfg = Debug|Any CPU
		{4E86D34C-004D-4C78-8CA8-7AA00D4354B2}.Debug|Any CPU.Build.0 = Debug|Any CPU
		{4E86D34C-004D-4C78-8CA8-7AA00D4354B2}.Release|Any CPU.ActiveCfg = Release|Any CPU
		{4E86D34C-004D-4C78-8CA8-7AA00D4354B2}.Release|Any CPU.Build.0 = Release|Any CPU
		{ADFF28E9-E31D-40E8-A525-5D467337B899}.Debug|Any CPU.ActiveCfg = Debug|Any CPU
		{ADFF28E9-E31D-40E8-A525-5D467337B899}.Debug|Any CPU.Build.0 = Debug|Any CPU
		{ADFF28E9-E31D-40E8-A525-5D467337B899}.Release|Any CPU.ActiveCfg = Release|Any CPU
		{ADFF28E9-E31D-40E8-A525-5D467337B899}.Release|Any CPU.Build.0 = Release|Any CPU
		{01523BF7-CF36-44DE-B2E6-90816C222776}.Debug|Any CPU.ActiveCfg = Debug|Any CPU
		{01523BF7-CF36-44DE-B2E6-90816C222776}.Debug|Any CPU.Build.0 = Debug|Any CPU
		{01523BF7-CF36-44DE-B2E6-90816C222776}.Release|Any CPU.ActiveCfg = Release|Any CPU
		{01523BF7-CF36-44DE-B2E6-90816C222776}.Release|Any CPU.Build.0 = Release|Any CPU
		{C2E4C4A8-CE66-4B44-AA12-B1F16C9D1EE5}.Debug|Any CPU.ActiveCfg = Debug|Any CPU
		{C2E4C4A8-CE66-4B44-AA12-B1F16C9D1EE5}.Debug|Any CPU.Build.0 = Debug|Any CPU
		{C2E4C4A8-CE66-4B44-AA12-B1F16C9D1EE5}.Release|Any CPU.ActiveCfg = Release|Any CPU
		{C2E4C4A8-CE66-4B44-AA12-B1F16C9D1EE5}.Release|Any CPU.Build.0 = Release|Any CPU
		{E3B4C2AD-7BF0-420A-9F50-8C87E43FBA86}.Debug|Any CPU.ActiveCfg = Debug|Any CPU
		{E3B4C2AD-7BF0-420A-9F50-8C87E43FBA86}.Debug|Any CPU.Build.0 = Debug|Any CPU
		{E3B4C2AD-7BF0-420A-9F50-8C87E43FBA86}.Release|Any CPU.ActiveCfg = Release|Any CPU
		{E3B4C2AD-7BF0-420A-9F50-8C87E43FBA86}.Release|Any CPU.Build.0 = Release|Any CPU
		{03BFD8A6-6F81-431A-B3C7-0A6583A7B3F9}.Debug|Any CPU.ActiveCfg = Debug|Any CPU
		{03BFD8A6-6F81-431A-B3C7-0A6583A7B3F9}.Debug|Any CPU.Build.0 = Debug|Any CPU
		{03BFD8A6-6F81-431A-B3C7-0A6583A7B3F9}.Release|Any CPU.ActiveCfg = Release|Any CPU
		{03BFD8A6-6F81-431A-B3C7-0A6583A7B3F9}.Release|Any CPU.Build.0 = Release|Any CPU
		{00F48D2F-2A08-472A-A61E-AFDC637ED1E2}.Debug|Any CPU.ActiveCfg = Debug|Any CPU
		{00F48D2F-2A08-472A-A61E-AFDC637ED1E2}.Debug|Any CPU.Build.0 = Debug|Any CPU
		{00F48D2F-2A08-472A-A61E-AFDC637ED1E2}.Release|Any CPU.ActiveCfg = Release|Any CPU
		{00F48D2F-2A08-472A-A61E-AFDC637ED1E2}.Release|Any CPU.Build.0 = Release|Any CPU
	EndGlobalSection
	GlobalSection(SolutionProperties) = preSolution
		HideSolutionNode = FALSE
	EndGlobalSection
	GlobalSection(ExtensibilityGlobals) = postSolution
		SolutionGuid = {F33F0A63-6D84-4444-AD11-CEBB86CE77C6}
	EndGlobalSection
EndGlobal
